<?xml version="1.0" encoding="UTF-8" standalone="yes" ?>
<CodeBlocks_project_file>
	<FileVersion major="1" minor="6" />
	<Project>
		<Option title="fuzzy-computing-machine" />
		<Option pch_mode="2" />
		<Option compiler="gcc" />
		<Build>
			<Target title="Debug">
				<Option output="bin/fcm-debug" prefix_auto="1" extension_auto="1" />
				<Option object_output="obj/Debug/" />
				<Option type="1" />
				<Option compiler="gcc" />
				<Compiler>
					<Add option="-g" />
				</Compiler>
			</Target>
			<Target title="Release">
				<Option output="bin/fcm-release" prefix_auto="1" extension_auto="1" />
				<Option object_output="obj/Release/" />
				<Option type="1" />
				<Option compiler="gcc" />
				<Compiler>
					<Add option="-O3" />
				</Compiler>
				<Linker>
					<Add option="-s" />
				</Linker>
			</Target>
		</Build>
		<Compiler>
			<Add option="-Wall" />
			<Add option="-fexceptions" />
		</Compiler>
		<Unit filename="Oneint.cpp" />
		<Unit filename="Oneint.h" />
		<Unit filename="command/Command.cpp" />
		<Unit filename="command/Command.h" />
		<Unit filename="language/AdjunctDefinition.cpp" />
		<Unit filename="language/AdjunctDefinition.h" />
		<Unit filename="language/AdjunctState.cpp" />
		<Unit filename="language/Dictionary.cpp" />
		<Unit filename="language/Dictionary.h" />
		<Unit filename="language/Grammar.h" />
		<Unit filename="language/Lexicographer.cpp" />
		<Unit filename="language/Lexicographer.h" />
		<Unit filename="language/ModifierDefinition.cpp" />
		<Unit filename="language/ModifierDefinition.h" />
		<Unit filename="language/ModifierState.cpp" />
		<Unit filename="language/NounDefinition.cpp" />
		<Unit filename="language/NounDefinition.h" />
		<Unit filename="language/NounState.cpp" />
		<Unit filename="language/SentenceState.cpp" />
		<Unit filename="language/SentenceStateBuilder.cpp" />
		<Unit filename="language/SentenceStateBuilder.h" />
		<Unit filename="language/Thesaurus.cpp" />
		<Unit filename="language/Thesaurus.h" />
		<Unit filename="main.cpp" />
		<Unit filename="util/SequencedMap.h" />
		<Unit filename="util/Socks.cpp" />
		<Unit filename="util/Socks.h" />
		<Unit filename="util/Sysin.cpp" />
		<Unit filename="util/Sysin.h" />
		<Unit filename="util/Sysout.cpp" />
		<Unit filename="util/Sysout.h" />
		<Unit filename="util/VectorUtil.h" />
		<Extensions>
			<code_completion />
			<envvars />
			<debugger />
			<DoxyBlocks>
				<comment_style block="0" line="0" />
				<doxyfile_project />
				<doxyfile_build />
				<doxyfile_warnings />
				<doxyfile_output />
				<doxyfile_dot />
				<general />
			</DoxyBlocks>
		</Extensions>
	</Project>
</CodeBlocks_project_file>
