<?xml version="1.0" encoding="UTF-8" standalone="yes" ?>
<CodeBlocks_project_file>
	<FileVersion major="1" minor="6" />
	<Project>
		<Option title="fuzzy-computing-machine" />
		<Option pch_mode="2" />
		<Option compiler="gcc" />
		<Build>
			<Target title="Debug">
				<Option output="../bin/fcm-debug" prefix_auto="1" extension_auto="1" />
				<Option object_output="../obj/Debug/" />
				<Option type="1" />
				<Option compiler="gcc" />
				<Compiler>
					<Add option="-g" />
					<Add option="-DDEBUG" />
				</Compiler>
			</Target>
			<Target title="Release">
				<Option output="../bin/fcm-release" prefix_auto="1" extension_auto="1" />
				<Option object_output="../obj/Release/" />
				<Option type="1" />
				<Option compiler="gcc" />
				<Compiler>
					<Add option="-O3" />
				</Compiler>
				<Linker>
					<Add option="-s" />
				</Linker>
			</Target>
		</Build>
		<Compiler>
			<Add option="-Wall" />
			<Add option="-fexceptions" />
		</Compiler>
		<Unit filename="Fuzzy.cpp" />
		<Unit filename="Fuzzy.h" />
		<Unit filename="Game.cpp" />
		<Unit filename="Game.h" />
		<Unit filename="IdList.h" />
		<Unit filename="Title.cpp" />
		<Unit filename="Title.h" />
		<Unit filename="command/CmdDictionary.cpp" />
		<Unit filename="command/CmdDictionary.h" />
		<Unit filename="command/CmdLexicographer.cpp" />
		<Unit filename="command/CmdLexicographer.h" />
		<Unit filename="command/Functionalities.h" />
		<Unit filename="command/functionalities/CheckInventory.cpp" />
		<Unit filename="command/functionalities/Dance.cpp" />
		<Unit filename="command/functionalities/Do.cpp" />
		<Unit filename="command/functionalities/Eat.cpp" />
		<Unit filename="command/functionalities/Look.cpp" />
		<Unit filename="command/functionalities/Lumberjack.cpp" />
		<Unit filename="command/functionalities/Move.cpp" />
		<Unit filename="command/functionalities/Take.cpp" />
		<Unit filename="language/AdjunctDefinition.cpp" />
		<Unit filename="language/AdjunctDefinition.h" />
		<Unit filename="language/AdjunctState.cpp" />
		<Unit filename="language/Dictionary.cpp" />
		<Unit filename="language/Dictionary.h" />
		<Unit filename="language/Grammar.h" />
		<Unit filename="language/Lexicographer.cpp" />
		<Unit filename="language/Lexicographer.h" />
		<Unit filename="language/ModifierDefinition.cpp" />
		<Unit filename="language/ModifierDefinition.h" />
		<Unit filename="language/ModifierState.cpp" />
		<Unit filename="language/NounDefinition.cpp" />
		<Unit filename="language/NounDefinition.h" />
		<Unit filename="language/NounState.cpp" />
		<Unit filename="language/SentenceState.cpp" />
		<Unit filename="language/Thesaurus.cpp" />
		<Unit filename="language/Thesaurus.h" />
		<Unit filename="main.cpp" />
		<Unit filename="util/Cardinal.cpp" />
		<Unit filename="util/Cardinal.h" />
		<Unit filename="util/InaneMap.h" />
		<Unit filename="util/ItmSearch.cpp" />
		<Unit filename="util/ItmSearch.h" />
		<Unit filename="util/Point3i.cpp" />
		<Unit filename="util/Point3i.h" />
		<Unit filename="util/SentenceStateBuilder.cpp" />
		<Unit filename="util/SentenceStateBuilder.h" />
		<Unit filename="util/SequencedMap.h" />
		<Unit filename="util/Sysin.cpp" />
		<Unit filename="util/Sysin.h" />
		<Unit filename="util/Sysout.cpp" />
		<Unit filename="util/Sysout.h" />
		<Unit filename="world/NounContext.cpp" />
		<Unit filename="world/NounContext.h" />
		<Unit filename="world/Player.cpp" />
		<Unit filename="world/Player.h" />
		<Unit filename="world/Room.cpp" />
		<Unit filename="world/Room.h" />
		<Unit filename="world/World.cpp" />
		<Unit filename="world/World.h" />
		<Unit filename="world/entity/Entity.cpp" />
		<Unit filename="world/entity/Entity.h" />
		<Unit filename="world/entity/EntitySentient.cpp" />
		<Unit filename="world/entity/EntitySentient.h" />
		<Unit filename="world/item/Inventory.cpp" />
		<Unit filename="world/item/Inventory.h" />
		<Unit filename="world/item/ItemDefinition.cpp" />
		<Unit filename="world/item/ItemDefinition.h" />
		<Unit filename="world/item/ItemState.cpp" />
		<Unit filename="world/item/ItemState.h" />
		<Unit filename="world/item/ItmDictionary.cpp" />
		<Unit filename="world/item/ItmDictionary.h" />
		<Unit filename="world/item/ItmLexicographer.cpp" />
		<Unit filename="world/item/ItmLexicographer.h" />
		<Unit filename="world/tree/Tree.cpp" />
		<Unit filename="world/tree/Tree.h" />
		<Extensions>
			<code_completion />
			<envvars />
			<debugger />
			<DoxyBlocks>
				<comment_style block="0" line="0" />
				<doxyfile_project />
				<doxyfile_build />
				<doxyfile_warnings />
				<doxyfile_output />
				<doxyfile_dot />
				<general />
			</DoxyBlocks>
		</Extensions>
	</Project>
</CodeBlocks_project_file>
