<?xml version="1.0" encoding="UTF-8" standalone="yes" ?>
<CodeBlocks_project_file>
	<FileVersion major="1" minor="6" />
	<Project>
		<Option title="Libirid" />
		<Option pch_mode="2" />
		<Option compiler="gcc" />
		<Build>
			<Target title="Debug">
				<Option output="../bin/libirid-debug" prefix_auto="1" extension_auto="1" />
				<Option object_output="../obj/Debug/" />
				<Option type="1" />
				<Option compiler="gcc" />
				<Compiler>
					<Add option="-g" />
					<Add option="-DDEBUG" />
				</Compiler>
			</Target>
			<Target title="Release">
				<Option output="../bin/libirid-release" prefix_auto="1" extension_auto="1" />
				<Option object_output="../obj/Release/" />
				<Option type="1" />
				<Option compiler="gcc" />
				<Compiler>
					<Add option="-O3" />
				</Compiler>
				<Linker>
					<Add option="-s" />
				</Linker>
			</Target>
		</Build>
		<Compiler>
			<Add option="-Wall" />
			<Add option="-fexceptions" />
		</Compiler>
		<Unit filename="Filestuff.h" />
		<Unit filename="Game.cpp" />
		<Unit filename="Game.h" />
		<Unit filename="IdList.h" />
		<Unit filename="Libirid.cpp" />
		<Unit filename="LuaBridge/LuaBridge.h" />
		<Unit filename="LuaBridge/RefCountedObject.h" />
		<Unit filename="LuaBridge/RefCountedPtr.h" />
		<Unit filename="LuaBridge/detail/CFunctions.h" />
		<Unit filename="LuaBridge/detail/ClassInfo.h" />
		<Unit filename="LuaBridge/detail/Constructor.h" />
		<Unit filename="LuaBridge/detail/FuncTraits.h" />
		<Unit filename="LuaBridge/detail/Iterator.h" />
		<Unit filename="LuaBridge/detail/LuaException.h" />
		<Unit filename="LuaBridge/detail/LuaHelpers.h" />
		<Unit filename="LuaBridge/detail/LuaRef.h" />
		<Unit filename="LuaBridge/detail/Namespace.h" />
		<Unit filename="LuaBridge/detail/Stack.h" />
		<Unit filename="LuaBridge/detail/TypeList.h" />
		<Unit filename="LuaBridge/detail/TypeTraits.h" />
		<Unit filename="LuaBridge/detail/Userdata.h" />
		<Unit filename="LuaBridge/detail/dump.h" />
		<Unit filename="Lua_5-2-2/lapi.c">
			<Option compilerVar="CC" />
		</Unit>
		<Unit filename="Lua_5-2-2/lapi.h" />
		<Unit filename="Lua_5-2-2/lauxlib.c">
			<Option compilerVar="CC" />
		</Unit>
		<Unit filename="Lua_5-2-2/lauxlib.h" />
		<Unit filename="Lua_5-2-2/lbaselib.c">
			<Option compilerVar="CC" />
		</Unit>
		<Unit filename="Lua_5-2-2/lbitlib.c">
			<Option compilerVar="CC" />
		</Unit>
		<Unit filename="Lua_5-2-2/lcode.c">
			<Option compilerVar="CC" />
		</Unit>
		<Unit filename="Lua_5-2-2/lcode.h" />
		<Unit filename="Lua_5-2-2/lcorolib.c">
			<Option compilerVar="CC" />
		</Unit>
		<Unit filename="Lua_5-2-2/lctype.c">
			<Option compilerVar="CC" />
		</Unit>
		<Unit filename="Lua_5-2-2/lctype.h" />
		<Unit filename="Lua_5-2-2/ldblib.c">
			<Option compilerVar="CC" />
		</Unit>
		<Unit filename="Lua_5-2-2/ldebug.c">
			<Option compilerVar="CC" />
		</Unit>
		<Unit filename="Lua_5-2-2/ldebug.h" />
		<Unit filename="Lua_5-2-2/ldo.c">
			<Option compilerVar="CC" />
		</Unit>
		<Unit filename="Lua_5-2-2/ldo.h" />
		<Unit filename="Lua_5-2-2/ldump.c">
			<Option compilerVar="CC" />
		</Unit>
		<Unit filename="Lua_5-2-2/lfunc.c">
			<Option compilerVar="CC" />
		</Unit>
		<Unit filename="Lua_5-2-2/lfunc.h" />
		<Unit filename="Lua_5-2-2/lgc.c">
			<Option compilerVar="CC" />
		</Unit>
		<Unit filename="Lua_5-2-2/lgc.h" />
		<Unit filename="Lua_5-2-2/linit.c">
			<Option compilerVar="CC" />
		</Unit>
		<Unit filename="Lua_5-2-2/liolib.c">
			<Option compilerVar="CC" />
		</Unit>
		<Unit filename="Lua_5-2-2/llex.c">
			<Option compilerVar="CC" />
		</Unit>
		<Unit filename="Lua_5-2-2/llex.h" />
		<Unit filename="Lua_5-2-2/llimits.h" />
		<Unit filename="Lua_5-2-2/lmathlib.c">
			<Option compilerVar="CC" />
		</Unit>
		<Unit filename="Lua_5-2-2/lmem.c">
			<Option compilerVar="CC" />
		</Unit>
		<Unit filename="Lua_5-2-2/lmem.h" />
		<Unit filename="Lua_5-2-2/loadlib.c">
			<Option compilerVar="CC" />
		</Unit>
		<Unit filename="Lua_5-2-2/lobject.c">
			<Option compilerVar="CC" />
		</Unit>
		<Unit filename="Lua_5-2-2/lobject.h" />
		<Unit filename="Lua_5-2-2/lopcodes.c">
			<Option compilerVar="CC" />
		</Unit>
		<Unit filename="Lua_5-2-2/lopcodes.h" />
		<Unit filename="Lua_5-2-2/loslib.c">
			<Option compilerVar="CC" />
		</Unit>
		<Unit filename="Lua_5-2-2/lparser.c">
			<Option compilerVar="CC" />
		</Unit>
		<Unit filename="Lua_5-2-2/lparser.h" />
		<Unit filename="Lua_5-2-2/lstate.c">
			<Option compilerVar="CC" />
		</Unit>
		<Unit filename="Lua_5-2-2/lstate.h" />
		<Unit filename="Lua_5-2-2/lstring.c">
			<Option compilerVar="CC" />
		</Unit>
		<Unit filename="Lua_5-2-2/lstring.h" />
		<Unit filename="Lua_5-2-2/lstrlib.c">
			<Option compilerVar="CC" />
		</Unit>
		<Unit filename="Lua_5-2-2/ltable.c">
			<Option compilerVar="CC" />
		</Unit>
		<Unit filename="Lua_5-2-2/ltable.h" />
		<Unit filename="Lua_5-2-2/ltablib.c">
			<Option compilerVar="CC" />
		</Unit>
		<Unit filename="Lua_5-2-2/ltm.c">
			<Option compilerVar="CC" />
		</Unit>
		<Unit filename="Lua_5-2-2/ltm.h" />
		<Unit filename="Lua_5-2-2/lua.c">
			<Option compilerVar="CC" />
		</Unit>
		<Unit filename="Lua_5-2-2/lua.h" />
		<Unit filename="Lua_5-2-2/lua.hpp" />
		<Unit filename="Lua_5-2-2/luac.c">
			<Option compilerVar="CC" />
		</Unit>
		<Unit filename="Lua_5-2-2/luaconf.h" />
		<Unit filename="Lua_5-2-2/lualib.h" />
		<Unit filename="Lua_5-2-2/lundump.c">
			<Option compilerVar="CC" />
		</Unit>
		<Unit filename="Lua_5-2-2/lundump.h" />
		<Unit filename="Lua_5-2-2/lvm.c">
			<Option compilerVar="CC" />
		</Unit>
		<Unit filename="Lua_5-2-2/lvm.h" />
		<Unit filename="Lua_5-2-2/lzio.c">
			<Option compilerVar="CC" />
		</Unit>
		<Unit filename="Lua_5-2-2/lzio.h" />
		<Unit filename="Luastuff.h" />
		<Unit filename="Potato.cpp" />
		<Unit filename="Potato.h" />
		<Unit filename="Title.cpp" />
		<Unit filename="Title.h" />
		<Unit filename="cmd/CmdDictionary.cpp" />
		<Unit filename="cmd/CmdDictionary.h" />
		<Unit filename="cmd/CmdScript.cpp" />
		<Unit filename="cmd/CmdScript.h" />
		<Unit filename="cmd/CmdScriptInternal.cpp" />
		<Unit filename="cmd/CmdScriptInternal.h" />
		<Unit filename="cmd/CmdScriptLua.cpp" />
		<Unit filename="cmd/CmdScriptLua.h" />
		<Unit filename="cmd/Cmdstuff.h" />
		<Unit filename="cmd/internalscripts/Dance.cpp" />
		<Unit filename="cmd/internalscripts/Dance.h" />
		<Unit filename="expanse/Area.cpp" />
		<Unit filename="expanse/Area.h" />
		<Unit filename="expanse/Entity.cpp" />
		<Unit filename="expanse/Entity.h" />
		<Unit filename="expanse/Expanse.cpp" />
		<Unit filename="expanse/Expanse.h" />
		<Unit filename="expanse/IntegerValue.cpp" />
		<Unit filename="expanse/IntegerValue.h" />
		<Unit filename="expanse/Node.cpp" />
		<Unit filename="expanse/Node.h" />
		<Unit filename="expanse/PlayerScript.cpp" />
		<Unit filename="expanse/PlayerScript.h" />
		<Unit filename="expanse/Portal.cpp" />
		<Unit filename="expanse/Portal.h" />
		<Unit filename="expanse/Script.cpp" />
		<Unit filename="expanse/Script.h" />
		<Unit filename="expanse/StringValue.cpp" />
		<Unit filename="expanse/StringValue.h" />
		<Unit filename="expanse/World.cpp" />
		<Unit filename="expanse/World.h" />
		<Unit filename="language/AdjunctDefinition.cpp" />
		<Unit filename="language/AdjunctDefinition.h" />
		<Unit filename="language/AdjunctState.cpp" />
		<Unit filename="language/Dictionary.cpp" />
		<Unit filename="language/Dictionary.h" />
		<Unit filename="language/Grammar.h" />
		<Unit filename="language/Lexicographer.cpp" />
		<Unit filename="language/Lexicographer.h" />
		<Unit filename="language/ModifierDefinition.cpp" />
		<Unit filename="language/ModifierDefinition.h" />
		<Unit filename="language/ModifierState.cpp" />
		<Unit filename="language/NounDefinition.cpp" />
		<Unit filename="language/NounDefinition.h" />
		<Unit filename="language/NounState.cpp" />
		<Unit filename="language/SentenceState.cpp" />
		<Unit filename="language/Thesaurus.cpp" />
		<Unit filename="language/Thesaurus.h" />
		<Unit filename="scriptloader/ScriptLibrary.cpp" />
		<Unit filename="scriptloader/ScriptLibrary.h" />
		<Unit filename="util/Cardinal.cpp" />
		<Unit filename="util/Cardinal.h" />
		<Unit filename="util/Point3i.cpp" />
		<Unit filename="util/Point3i.h" />
		<Unit filename="util/SentenceStateBuilder.cpp" />
		<Unit filename="util/SentenceStateBuilder.h" />
		<Unit filename="util/SequencedMap.h" />
		<Unit filename="util/Sysin.cpp" />
		<Unit filename="util/Sysin.h" />
		<Unit filename="util/Sysout.cpp" />
		<Unit filename="util/Sysout.h" />
		<Extensions>
			<code_completion />
			<envvars />
			<debugger />
			<DoxyBlocks>
				<comment_style block="0" line="0" />
				<doxyfile_project />
				<doxyfile_build />
				<doxyfile_warnings />
				<doxyfile_output />
				<doxyfile_dot />
				<general />
			</DoxyBlocks>
		</Extensions>
	</Project>
</CodeBlocks_project_file>
