<?xml version="1.0" encoding="UTF-8" standalone="yes" ?>
<CodeBlocks_project_file>
	<FileVersion major="1" minor="6" />
	<Project>
		<Option title="Libirid" />
		<Option pch_mode="2" />
		<Option compiler="gcc" />
		<Build>
			<Target title="Debug">
				<Option output="../bin/libirid-debug" prefix_auto="1" extension_auto="1" />
				<Option object_output="../obj/Debug/" />
				<Option type="1" />
				<Option compiler="gcc" />
				<Compiler>
					<Add option="-g" />
					<Add option="-DDEBUG" />
				</Compiler>
			</Target>
			<Target title="Release">
				<Option output="../bin/libirid-release" prefix_auto="1" extension_auto="1" />
				<Option object_output="../obj/Release/" />
				<Option type="1" />
				<Option compiler="gcc" />
				<Compiler>
					<Add option="-O3" />
				</Compiler>
				<Linker>
					<Add option="-s" />
				</Linker>
			</Target>
		</Build>
		<Compiler>
			<Add option="-Wall" />
			<Add option="-fexceptions" />
		</Compiler>
		<Unit filename="Game.cpp" />
		<Unit filename="Game.h" />
		<Unit filename="Libirid.cpp" />
		<Unit filename="Title.cpp" />
		<Unit filename="Title.h" />
		<Unit filename="cmd/CmdDictionary.cpp" />
		<Unit filename="cmd/CmdDictionary.h" />
		<Unit filename="cmd/CmdScript.cpp" />
		<Unit filename="cmd/CmdScript.h" />
		<Unit filename="cmd/CmdScriptInternal.cpp" />
		<Unit filename="cmd/CmdScriptInternal.h" />
		<Unit filename="cmd/Cmdstuff.h" />
		<Unit filename="cmd/internalscripts/Dance.cpp" />
		<Unit filename="cmd/internalscripts/Dance.h" />
		<Unit filename="language/AdjunctDefinition.cpp" />
		<Unit filename="language/AdjunctDefinition.h" />
		<Unit filename="language/AdjunctState.cpp" />
		<Unit filename="language/Dictionary.cpp" />
		<Unit filename="language/Dictionary.h" />
		<Unit filename="language/Grammar.h" />
		<Unit filename="language/Lexicographer.cpp" />
		<Unit filename="language/Lexicographer.h" />
		<Unit filename="language/ModifierDefinition.cpp" />
		<Unit filename="language/ModifierDefinition.h" />
		<Unit filename="language/ModifierState.cpp" />
		<Unit filename="language/NounDefinition.cpp" />
		<Unit filename="language/NounDefinition.h" />
		<Unit filename="language/NounState.cpp" />
		<Unit filename="language/SentenceState.cpp" />
		<Unit filename="language/Thesaurus.cpp" />
		<Unit filename="language/Thesaurus.h" />
		<Unit filename="node/Area.cpp" />
		<Unit filename="node/Area.h" />
		<Unit filename="node/Entity.cpp" />
		<Unit filename="node/Entity.h" />
		<Unit filename="node/Expanse.cpp" />
		<Unit filename="node/Expanse.h" />
		<Unit filename="node/IntegerValue.cpp" />
		<Unit filename="node/IntegerValue.h" />
		<Unit filename="node/Node.cpp" />
		<Unit filename="node/Node.h" />
		<Unit filename="node/PlayerScript.cpp" />
		<Unit filename="node/PlayerScript.h" />
		<Unit filename="node/Portal.cpp" />
		<Unit filename="node/Portal.h" />
		<Unit filename="node/Script.cpp" />
		<Unit filename="node/Script.h" />
		<Unit filename="node/StringValue.cpp" />
		<Unit filename="node/StringValue.h" />
		<Unit filename="node/World.cpp" />
		<Unit filename="node/World.h" />
		<Unit filename="script/ListOfScripts.cpp" />
		<Unit filename="script/ListOfScripts.h" />
		<Unit filename="script/Script.cpp" />
		<Unit filename="script/Script.h" />
		<Unit filename="script/ScriptCommand.cpp" />
		<Unit filename="script/ScriptCommand.h" />
		<Unit filename="util/Cardinal.cpp" />
		<Unit filename="util/Cardinal.h" />
		<Unit filename="util/Point3i.cpp" />
		<Unit filename="util/Point3i.h" />
		<Unit filename="util/SentenceStateBuilder.cpp" />
		<Unit filename="util/SentenceStateBuilder.h" />
		<Unit filename="util/SequencedMap.h" />
		<Unit filename="util/Sysin.cpp" />
		<Unit filename="util/Sysin.h" />
		<Unit filename="util/Sysout.cpp" />
		<Unit filename="util/Sysout.h" />
		<Extensions>
			<code_completion />
			<envvars />
			<debugger />
			<DoxyBlocks>
				<comment_style block="0" line="0" />
				<doxyfile_project />
				<doxyfile_build />
				<doxyfile_warnings />
				<doxyfile_output />
				<doxyfile_dot />
				<general />
			</DoxyBlocks>
		</Extensions>
	</Project>
</CodeBlocks_project_file>
