<?xml version="1.0" encoding="UTF-8" standalone="yes" ?>
<CodeBlocks_project_file>
	<FileVersion major="1" minor="6" />
	<Project>
		<Option title="Libirid" />
		<Option pch_mode="2" />
		<Option compiler="gcc" />
		<Build>
			<Target title="Debug">
				<Option output="../builds/libirid-debug" prefix_auto="1" extension_auto="1" />
				<Option object_output="../assembly/debug/" />
				<Option type="1" />
				<Option compiler="gcc" />
				<Compiler>
					<Add option="-std=c++11" />
					<Add option="-g" />
					<Add option="-DDEBUG" />
				</Compiler>
			</Target>
			<Target title="Release">
				<Option output="../builds/libirid-release" prefix_auto="1" extension_auto="1" />
				<Option object_output="../assembly/release/" />
				<Option type="1" />
				<Option compiler="gcc" />
				<Compiler>
					<Add option="-O3" />
					<Add option="-std=c++11" />
				</Compiler>
				<Linker>
					<Add option="-s" />
				</Linker>
			</Target>
		</Build>
		<Compiler>
			<Add option="-Wall" />
			<Add option="-fexceptions" />
		</Compiler>
		<Unit filename="Game.cpp" />
		<Unit filename="Game.h" />
		<Unit filename="Libirid.cpp" />
		<Unit filename="Libirid_Client.cpp" />
		<Unit filename="Libirid_Client.h" />
		<Unit filename="Libirid_Options.cpp" />
		<Unit filename="Libirid_Options.h" />
		<Unit filename="Libirid_PersonalityFactory.cpp" />
		<Unit filename="Libirid_PersonalityFactory.h" />
		<Unit filename="Libirid_Server.cpp" />
		<Unit filename="Libirid_Server.h" />
		<Unit filename="Libirid_Title.cpp" />
		<Unit filename="Libirid_Title.h" />
		<Unit filename="node/Node.cpp" />
		<Unit filename="node/Node.h" />
		<Unit filename="node/Node_Area.cpp" />
		<Unit filename="node/Node_Area.h" />
		<Unit filename="node/Node_Entity.cpp" />
		<Unit filename="node/Node_Entity.h" />
		<Unit filename="node/Node_Expanse.cpp" />
		<Unit filename="node/Node_Expanse.h" />
		<Unit filename="node/Node_IntegerValue.cpp" />
		<Unit filename="node/Node_IntegerValue.h" />
		<Unit filename="node/Node_PlayerScript.cpp" />
		<Unit filename="node/Node_PlayerScript.h" />
		<Unit filename="node/Node_Portal.cpp" />
		<Unit filename="node/Node_Portal.h" />
		<Unit filename="node/Node_Script.cpp" />
		<Unit filename="node/Node_Script.h" />
		<Unit filename="node/Node_StringValue.cpp" />
		<Unit filename="node/Node_StringValue.h" />
		<Unit filename="node/Node_World.cpp" />
		<Unit filename="node/Node_World.h" />
		<Unit filename="script/ListOfScripts.cpp" />
		<Unit filename="script/ListOfScripts.h" />
		<Unit filename="script/Script.cpp" />
		<Unit filename="script/Script.h" />
		<Unit filename="script/Script_Command.cpp" />
		<Unit filename="script/Script_Command.h" />
		<Unit filename="script/Script_Node.cpp" />
		<Unit filename="script/Script_Node.h" />
		<Extensions>
			<code_completion />
			<envvars />
			<debugger />
			<DoxyBlocks>
				<comment_style block="0" line="0" />
				<doxyfile_project />
				<doxyfile_build />
				<doxyfile_warnings />
				<doxyfile_output />
				<doxyfile_dot />
				<general />
			</DoxyBlocks>
		</Extensions>
	</Project>
</CodeBlocks_project_file>
